
Microsoft Visual Studio Solution File, Format Version 12.00
# Visual Studio 15
Project("{FAE04EC0-301F-11D3-BF4B-00C04F79EFBC}") = "Assembly-CSharp", "Assembly-CSharp.csproj", "{D0068263-B9B7-009E-FBF7-E0DB65A0FAEF}"
EndProject
Project("{FAE04EC0-301F-11D3-BF4B-00C04F79EFBC}") = "Assembly-CSharp-Editor", "Assembly-CSharp-Editor.csproj", "{13FE929D-A9A3-89EF-FA47-7F9273761A81}"
EndProject
Global
	GlobalSection(SolutionConfigurationPlatforms) = preSolution
		Debug|Any CPU = Debug|Any CPU
		Release|Any CPU = Release|Any CPU
	EndGlobalSection
	GlobalSection(ProjectConfigurationPlatforms) = postSolution
		{D0068263-B9B7-009E-FBF7-E0DB65A0FAEF}.Debug|Any CPU.ActiveCfg = Debug|Any CPU
		{D0068263-B9B7-009E-FBF7-E0DB65A0FAEF}.Debug|Any CPU.Build.0 = Debug|Any CPU
		{D0068263-B9B7-009E-FBF7-E0DB65A0FAEF}.Release|Any CPU.ActiveCfg = Release|Any CPU
		{D0068263-B9B7-009E-FBF7-E0DB65A0FAEF}.Release|Any CPU.Build.0 = Release|Any CPU
		{13FE929D-A9A3-89EF-FA47-7F9273761A81}.Debug|Any CPU.ActiveCfg = Debug|Any CPU
		{13FE929D-A9A3-89EF-FA47-7F9273761A81}.Debug|Any CPU.Build.0 = Debug|Any CPU
		{13FE929D-A9A3-89EF-FA47-7F9273761A81}.Release|Any CPU.ActiveCfg = Release|Any CPU
		{13FE929D-A9A3-89EF-FA47-7F9273761A81}.Release|Any CPU.Build.0 = Release|Any CPU
	EndGlobalSection
	GlobalSection(SolutionProperties) = preSolution
		HideSolutionNode = FALSE
	EndGlobalSection
EndGlobal
